Microsoft Visual Studio Solution File, Format Version 12.00
# Visual Studio 2012
Project("{FAE04EC0-301F-11D3-BF4B-00C04F79EFBC}") = "VirtualJoyStick", "VirtualJoyStick.csproj", "{25335A6C-31F7-4879-8BC1-B0F4D9A4829A}"
EndProject
Global
	GlobalSection(SolutionConfigurationPlatforms) = preSolution
	Debug|Any CPU = Debug|Any CPU
	ExportDebug|Any CPU = ExportDebug|Any CPU
	ExportRelease|Any CPU = ExportRelease|Any CPU
	EndGlobalSection
	GlobalSection(ProjectConfigurationPlatforms) = postSolution
		{25335A6C-31F7-4879-8BC1-B0F4D9A4829A}.Debug|Any CPU.ActiveCfg = Debug|Any CPU
		{25335A6C-31F7-4879-8BC1-B0F4D9A4829A}.Debug|Any CPU.Build.0 = Debug|Any CPU
		{25335A6C-31F7-4879-8BC1-B0F4D9A4829A}.ExportDebug|Any CPU.ActiveCfg = ExportDebug|Any CPU
		{25335A6C-31F7-4879-8BC1-B0F4D9A4829A}.ExportDebug|Any CPU.Build.0 = ExportDebug|Any CPU
		{25335A6C-31F7-4879-8BC1-B0F4D9A4829A}.ExportRelease|Any CPU.ActiveCfg = ExportRelease|Any CPU
		{25335A6C-31F7-4879-8BC1-B0F4D9A4829A}.ExportRelease|Any CPU.Build.0 = ExportRelease|Any CPU
	EndGlobalSection
EndGlobal
